
Microsoft Visual Studio Solution File, Format Version 12.00
# Visual Studio Version 17
VisualStudioVersion = 17.6.33815.320
MinimumVisualStudioVersion = 10.0.40219.1
Project("{FAE04EC0-301F-11D3-BF4B-00C04F79EFBC}") = "PaswordChecker", "PaswordChecker\PaswordChecker.csproj", "{64784A7D-3888-461C-9615-FB0E65C00B0A}"
EndProject
Project("{FAE04EC0-301F-11D3-BF4B-00C04F79EFBC}") = "PasswordChecker.Tests", "PasswordChecker.Tests\PasswordChecker.Tests.csproj", "{520C64B6-95AD-48C4-BD34-05915D842201}"
EndProject
Global
	GlobalSection(SolutionConfigurationPlatforms) = preSolution
		Debug|Any CPU = Debug|Any CPU
		Release|Any CPU = Release|Any CPU
	EndGlobalSection
	GlobalSection(ProjectConfigurationPlatforms) = postSolution
		{64784A7D-3888-461C-9615-FB0E65C00B0A}.Debug|Any CPU.ActiveCfg = Debug|Any CPU
		{64784A7D-3888-461C-9615-FB0E65C00B0A}.Debug|Any CPU.Build.0 = Debug|Any CPU
		{64784A7D-3888-461C-9615-FB0E65C00B0A}.Release|Any CPU.ActiveCfg = Release|Any CPU
		{64784A7D-3888-461C-9615-FB0E65C00B0A}.Release|Any CPU.Build.0 = Release|Any CPU
		{520C64B6-95AD-48C4-BD34-05915D842201}.Debug|Any CPU.ActiveCfg = Debug|Any CPU
		{520C64B6-95AD-48C4-BD34-05915D842201}.Debug|Any CPU.Build.0 = Debug|Any CPU
		{520C64B6-95AD-48C4-BD34-05915D842201}.Release|Any CPU.ActiveCfg = Release|Any CPU
		{520C64B6-95AD-48C4-BD34-05915D842201}.Release|Any CPU.Build.0 = Release|Any CPU
	EndGlobalSection
	GlobalSection(SolutionProperties) = preSolution
		HideSolutionNode = FALSE
	EndGlobalSection
	GlobalSection(ExtensibilityGlobals) = postSolution
		SolutionGuid = {A40071D6-B86C-46EE-9291-747352B6DA99}
	EndGlobalSection
EndGlobal
